
Microsoft Visual Studio Solution File, Format Version 12.00
# Visual Studio Version 17
VisualStudioVersion = 17.14.36221.1 d17.14
MinimumVisualStudioVersion = 10.0.40219.1
Project("{FAE04EC0-301F-11D3-BF4B-00C04F79EFBC}") = "SpotifyLookALike", "SpotifyLookALike\SpotifyLookALike.csproj", "{B597BD06-7BF3-4250-8086-0876B050F911}"
EndProject
Global
	GlobalSection(SolutionConfigurationPlatforms) = preSolution
		Debug|Any CPU = Debug|Any CPU
		Release|Any CPU = Release|Any CPU
	EndGlobalSection
	GlobalSection(ProjectConfigurationPlatforms) = postSolution
		{B597BD06-7BF3-4250-8086-0876B050F911}.Debug|Any CPU.ActiveCfg = Debug|Any CPU
		{B597BD06-7BF3-4250-8086-0876B050F911}.Debug|Any CPU.Build.0 = Debug|Any CPU
		{B597BD06-7BF3-4250-8086-0876B050F911}.Release|Any CPU.ActiveCfg = Release|Any CPU
		{B597BD06-7BF3-4250-8086-0876B050F911}.Release|Any CPU.Build.0 = Release|Any CPU
	EndGlobalSection
	GlobalSection(SolutionProperties) = preSolution
		HideSolutionNode = FALSE
	EndGlobalSection
	GlobalSection(ExtensibilityGlobals) = postSolution
		SolutionGuid = {4D610B71-EFC2-4222-8D8C-3776F208DB30}
	EndGlobalSection
EndGlobal
